
Microsoft Visual Studio Solution File, Format Version 12.00
# Visual Studio Version 17
VisualStudioVersion = 17.10.34707.107
MinimumVisualStudioVersion = 10.0.40219.1
Project("{9A19103F-16F7-4668-BE54-9A1E7A4F7556}") = "Sudoku", "Sudoku\Sudoku.csproj", "{EFEBA6B8-EDFB-488E-9EC7-D9E0820EDDCB}"
EndProject
Project("{FAE04EC0-301F-11D3-BF4B-00C04F79EFBC}") = "SudokuCalculator", "SudokuCalculator\SudokuCalculator.csproj", "{13F8C719-8C16-49C4-90D1-E11DC0B44EAC}"
EndProject
Global
	GlobalSection(SolutionConfigurationPlatforms) = preSolution
		Debug|Any CPU = Debug|Any CPU
		Release|Any CPU = Release|Any CPU
	EndGlobalSection
	GlobalSection(ProjectConfigurationPlatforms) = postSolution
		{EFEBA6B8-EDFB-488E-9EC7-D9E0820EDDCB}.Debug|Any CPU.ActiveCfg = Debug|Any CPU
		{EFEBA6B8-EDFB-488E-9EC7-D9E0820EDDCB}.Debug|Any CPU.Build.0 = Debug|Any CPU
		{EFEBA6B8-EDFB-488E-9EC7-D9E0820EDDCB}.Release|Any CPU.ActiveCfg = Release|Any CPU
		{EFEBA6B8-EDFB-488E-9EC7-D9E0820EDDCB}.Release|Any CPU.Build.0 = Release|Any CPU
		{13F8C719-8C16-49C4-90D1-E11DC0B44EAC}.Debug|Any CPU.ActiveCfg = Debug|Any CPU
		{13F8C719-8C16-49C4-90D1-E11DC0B44EAC}.Debug|Any CPU.Build.0 = Debug|Any CPU
		{13F8C719-8C16-49C4-90D1-E11DC0B44EAC}.Release|Any CPU.ActiveCfg = Release|Any CPU
		{13F8C719-8C16-49C4-90D1-E11DC0B44EAC}.Release|Any CPU.Build.0 = Release|Any CPU
	EndGlobalSection
	GlobalSection(SolutionProperties) = preSolution
		HideSolutionNode = FALSE
	EndGlobalSection
	GlobalSection(ExtensibilityGlobals) = postSolution
		SolutionGuid = {650AD1FC-CE46-44EE-B054-2A5576DE1F35}
	EndGlobalSection
EndGlobal
